
Microsoft Visual Studio Solution File, Format Version 12.00
# Visual Studio Version 17
VisualStudioVersion = 17.13.35919.96 d17.13
MinimumVisualStudioVersion = 10.0.40219.1
Project("{FAE04EC0-301F-11D3-BF4B-00C04F79EFBC}") = "CGlab5", "CGlab5.csproj", "{41422AD5-9B1A-4BCF-BD97-7030B7D42F8E}"
EndProject
Global
	GlobalSection(SolutionConfigurationPlatforms) = preSolution
		Debug|Any CPU = Debug|Any CPU
		Release|Any CPU = Release|Any CPU
	EndGlobalSection
	GlobalSection(ProjectConfigurationPlatforms) = postSolution
		{41422AD5-9B1A-4BCF-BD97-7030B7D42F8E}.Debug|Any CPU.ActiveCfg = Debug|Any CPU
		{41422AD5-9B1A-4BCF-BD97-7030B7D42F8E}.Debug|Any CPU.Build.0 = Debug|Any CPU
		{41422AD5-9B1A-4BCF-BD97-7030B7D42F8E}.Release|Any CPU.ActiveCfg = Release|Any CPU
		{41422AD5-9B1A-4BCF-BD97-7030B7D42F8E}.Release|Any CPU.Build.0 = Release|Any CPU
	EndGlobalSection
	GlobalSection(SolutionProperties) = preSolution
		HideSolutionNode = FALSE
	EndGlobalSection
	GlobalSection(ExtensibilityGlobals) = postSolution
		SolutionGuid = {13A7AD69-8FAF-4A42-8402-662CF5817E8A}
	EndGlobalSection
EndGlobal
